{
  "name": "jjwak",
  "version": "1.1.0",
  "lockfileVersion": 1,
  "requires": true,
  "dependencies": {
    "copy-dir": {
      "version": "0.3.0",
      "resolved": "https://registry.npmjs.org/copy-dir/-/copy-dir-0.3.0.tgz",
      "integrity": "sha1-3rLcL6nJKQ7UfIQVWpmabUX1o1g=",
      "requires": {
        "mkdir-p": "0.0.7"
      }
    },
    "jj-format": {
      "version": "bitbucket:jjo_kr/jj-format#7582c909ab6ee82be4b0635b8c8bb7999d0ea56f"
    },
    "jj-log": {
      "version": "bitbucket:jjo_kr/jj-log#08520bfcb54b42696e39d0693bdb422f3571cd79",
      "requires": {
        "jj-format": "bitbucket:jjo_kr/jj-format#7582c909ab6ee82be4b0635b8c8bb7999d0ea56f"
      }
    },
    "mkdir-p": {
      "version": "0.0.7",
      "resolved": "https://registry.npmjs.org/mkdir-p/-/mkdir-p-0.0.7.tgz",
      "integrity": "sha1-JMXb4m2jqZ7xWKHu+aXC3Z3laDw="
    },
    "readline-sync": {
      "version": "1.4.9",
      "resolved": "https://registry.npmjs.org/readline-sync/-/readline-sync-1.4.9.tgz",
      "integrity": "sha1-PtqOZfI80qF+YTAbHwADOWr17No="
    }
  }
}
